// !$*UTF8*$!
{
	archiveVersion = 1;
	classes = {
	};
	objectVersion = 50;
	objects = {

/* Begin PBXBuildFile section */
		2DC8E0CA21F4AA9F000DA778 /* AppDelegate.swift in Sources */ = {isa = PBXBuildFile; fileRef = 2DC8E0C921F4AA9F000DA778 /* AppDelegate.swift */; };
		2DC8E0CF21F4AA9F000DA778 /* Main.storyboard in Resources */ = {isa = PBXBuildFile; fileRef = 2DC8E0CD21F4AA9F000DA778 /* Main.storyboard */; };
		2DC8E0D121F4AA9F000DA778 /* Assets.xcassets in Resources */ = {isa = PBXBuildFile; fileRef = 2DC8E0D021F4AA9F000DA778 /* Assets.xcassets */; };
		2DC8E0D421F4AA9F000DA778 /* LaunchScreen.storyboard in Resources */ = {isa = PBXBuildFile; fileRef = 2DC8E0D221F4AA9F000DA778 /* LaunchScreen.storyboard */; };
		F174FF5B21F876A8004158F8 /* RootViewController.swift in Sources */ = {isa = PBXBuildFile; fileRef = F174FF5821F876A8004158F8 /* RootViewController.swift */; };
		F174FF5C21F876A8004158F8 /* XibViewController.swift in Sources */ = {isa = PBXBuildFile; fileRef = F174FF5921F876A8004158F8 /* XibViewController.swift */; };
		F174FF6221F8775C004158F8 /* CodeViewController.swift in Sources */ = {isa = PBXBuildFile; fileRef = F174FF6121F8775C004158F8 /* CodeViewController.swift */; };
		F174FF6A21F96449004158F8 /* BaseViewController.swift in Sources */ = {isa = PBXBuildFile; fileRef = F174FF6921F96449004158F8 /* BaseViewController.swift */; };
		F174FF6C21F98DD1004158F8 /* XibCustomViewController.swift in Sources */ = {isa = PBXBuildFile; fileRef = F174FF6B21F98DD1004158F8 /* XibCustomViewController.swift */; };
		F174FF6E21F98DE0004158F8 /* CodeCustomViewController.swift in Sources */ = {isa = PBXBuildFile; fileRef = F174FF6D21F98DE0004158F8 /* CodeCustomViewController.swift */; };
		F174FF7021F98FFD004158F8 /* CustomTextView.swift in Sources */ = {isa = PBXBuildFile; fileRef = F174FF6F21F98FFD004158F8 /* CustomTextView.swift */; };
		F6E6AA67E49D11B2D2FE3107 /* Pods_Project_Swift.framework in Frameworks */ = {isa = PBXBuildFile; fileRef = 91227E1DB094F985D3A9F233 /* Pods_Project_Swift.framework */; };
/* End PBXBuildFile section */

/* Begin PBXFileReference section */
		2DC8E0C621F4AA9F000DA778 /* Project-Swift.app */ = {isa = PBXFileReference; explicitFileType = wrapper.application; includeInIndex = 0; path = "Project-Swift.app"; sourceTree = BUILT_PRODUCTS_DIR; };
		2DC8E0C921F4AA9F000DA778 /* AppDelegate.swift */ = {isa = PBXFileReference; lastKnownFileType = sourcecode.swift; path = AppDelegate.swift; sourceTree = "<group>"; };
		2DC8E0CE21F4AA9F000DA778 /* Base */ = {isa = PBXFileReference; lastKnownFileType = file.storyboard; name = Base; path = Base.lproj/Main.storyboard; sourceTree = "<group>"; };
		2DC8E0D021F4AA9F000DA778 /* Assets.xcassets */ = {isa = PBXFileReference; lastKnownFileType = folder.assetcatalog; path = Assets.xcassets; sourceTree = "<group>"; };
		2DC8E0D321F4AA9F000DA778 /* Base */ = {isa = PBXFileReference; lastKnownFileType = file.storyboard; name = Base; path = Base.lproj/LaunchScreen.storyboard; sourceTree = "<group>"; };
		2DC8E0D521F4AA9F000DA778 /* Info.plist */ = {isa = PBXFileReference; lastKnownFileType = text.plist.xml; path = Info.plist; sourceTree = "<group>"; };
		755DBCE2834096A0A2C93A51 /* Pods-Project-Swift.release.xcconfig */ = {isa = PBXFileReference; includeInIndex = 1; lastKnownFileType = text.xcconfig; name = "Pods-Project-Swift.release.xcconfig"; path = "Target Support Files/Pods-Project-Swift/Pods-Project-Swift.release.xcconfig"; sourceTree = "<group>"; };
		91227E1DB094F985D3A9F233 /* Pods_Project_Swift.framework */ = {isa = PBXFileReference; explicitFileType = wrapper.framework; includeInIndex = 0; path = Pods_Project_Swift.framework; sourceTree = BUILT_PRODUCTS_DIR; };
		C236F4C643E55C290710AB0C /* Pods-Project-Swift.debug.xcconfig */ = {isa = PBXFileReference; includeInIndex = 1; lastKnownFileType = text.xcconfig; name = "Pods-Project-Swift.debug.xcconfig"; path = "Target Support Files/Pods-Project-Swift/Pods-Project-Swift.debug.xcconfig"; sourceTree = "<group>"; };
		F174FF5821F876A8004158F8 /* RootViewController.swift */ = {isa = PBXFileReference; fileEncoding = 4; lastKnownFileType = sourcecode.swift; path = RootViewController.swift; sourceTree = "<group>"; };
		F174FF5921F876A8004158F8 /* XibViewController.swift */ = {isa = PBXFileReference; fileEncoding = 4; lastKnownFileType = sourcecode.swift; path = XibViewController.swift; sourceTree = "<group>"; };
		F174FF6121F8775C004158F8 /* CodeViewController.swift */ = {isa = PBXFileReference; lastKnownFileType = sourcecode.swift; path = CodeViewController.swift; sourceTree = "<group>"; };
		F174FF6921F96449004158F8 /* BaseViewController.swift */ = {isa = PBXFileReference; lastKnownFileType = sourcecode.swift; path = BaseViewController.swift; sourceTree = "<group>"; };
		F174FF6B21F98DD1004158F8 /* XibCustomViewController.swift */ = {isa = PBXFileReference; lastKnownFileType = sourcecode.swift; path = XibCustomViewController.swift; sourceTree = "<group>"; };
		F174FF6D21F98DE0004158F8 /* CodeCustomViewController.swift */ = {isa = PBXFileReference; lastKnownFileType = sourcecode.swift; path = CodeCustomViewController.swift; sourceTree = "<group>"; };
		F174FF6F21F98FFD004158F8 /* CustomTextView.swift */ = {isa = PBXFileReference; lastKnownFileType = sourcecode.swift; path = CustomTextView.swift; sourceTree = "<group>"; };
/* End PBXFileReference section */

/* Begin PBXFrameworksBuildPhase section */
		2DC8E0C321F4AA9F000DA778 /* Frameworks */ = {
			isa = PBXFrameworksBuildPhase;
			buildActionMask = 2147483647;
			files = (
				F6E6AA67E49D11B2D2FE3107 /* Pods_Project_Swift.framework in Frameworks */,
			);
			runOnlyForDeploymentPostprocessing = 0;
		};
/* End PBXFrameworksBuildPhase section */

/* Begin PBXGroup section */
		2DC8E0BD21F4AA9F000DA778 = {
			isa = PBXGroup;
			children = (
				2DC8E0C821F4AA9F000DA778 /* Project-Swift */,
				2DC8E0C721F4AA9F000DA778 /* Products */,
				E7445A479B1A28404505E1A9 /* Pods */,
				4B1140C7D016AEFE74CC7A79 /* Frameworks */,
			);
			sourceTree = "<group>";
		};
		2DC8E0C721F4AA9F000DA778 /* Products */ = {
			isa = PBXGroup;
			children = (
				2DC8E0C621F4AA9F000DA778 /* Project-Swift.app */,
			);
			name = Products;
			sourceTree = "<group>";
		};
		2DC8E0C821F4AA9F000DA778 /* Project-Swift */ = {
			isa = PBXGroup;
			children = (
				F162C00821F59B1600521C99 /* Code */,
				2DC8E0C921F4AA9F000DA778 /* AppDelegate.swift */,
				2DC8E0CD21F4AA9F000DA778 /* Main.storyboard */,
				2DC8E0D021F4AA9F000DA778 /* Assets.xcassets */,
				2DC8E0D221F4AA9F000DA778 /* LaunchScreen.storyboard */,
				2DC8E0D521F4AA9F000DA778 /* Info.plist */,
			);
			path = "Project-Swift";
			sourceTree = "<group>";
		};
		4B1140C7D016AEFE74CC7A79 /* Frameworks */ = {
			isa = PBXGroup;
			children = (
				91227E1DB094F985D3A9F233 /* Pods_Project_Swift.framework */,
			);
			name = Frameworks;
			sourceTree = "<group>";
		};
		E7445A479B1A28404505E1A9 /* Pods */ = {
			isa = PBXGroup;
			children = (
				C236F4C643E55C290710AB0C /* Pods-Project-Swift.debug.xcconfig */,
				755DBCE2834096A0A2C93A51 /* Pods-Project-Swift.release.xcconfig */,
			);
			path = Pods;
			sourceTree = "<group>";
		};
		F162C00821F59B1600521C99 /* Code */ = {
			isa = PBXGroup;
			children = (
				F174FF5721F876A8004158F8 /* Controllers */,
				F174FF5A21F876A8004158F8 /* Views */,
			);
			path = Code;
			sourceTree = "<group>";
		};
		F174FF5721F876A8004158F8 /* Controllers */ = {
			isa = PBXGroup;
			children = (
				F174FF5821F876A8004158F8 /* RootViewController.swift */,
				F174FF6921F96449004158F8 /* BaseViewController.swift */,
				F174FF5921F876A8004158F8 /* XibViewController.swift */,
				F174FF6121F8775C004158F8 /* CodeViewController.swift */,
				F174FF6B21F98DD1004158F8 /* XibCustomViewController.swift */,
				F174FF6D21F98DE0004158F8 /* CodeCustomViewController.swift */,
			);
			path = Controllers;
			sourceTree = "<group>";
		};
		F174FF5A21F876A8004158F8 /* Views */ = {
			isa = PBXGroup;
			children = (
				F174FF6F21F98FFD004158F8 /* CustomTextView.swift */,
			);
			path = Views;
			sourceTree = "<group>";
		};
/* End PBXGroup section */

/* Begin PBXNativeTarget section */
		2DC8E0C521F4AA9F000DA778 /* Project-Swift */ = {
			isa = PBXNativeTarget;
			buildConfigurationList = 2DC8E0D821F4AA9F000DA778 /* Build configuration list for PBXNativeTarget "Project-Swift" */;
			buildPhases = (
				8EC6A863A5EBB9CE2A04CBF8 /* [CP] Check Pods Manifest.lock */,
				2DC8E0C221F4AA9F000DA778 /* Sources */,
				2DC8E0C321F4AA9F000DA778 /* Frameworks */,
				2DC8E0C421F4AA9F000DA778 /* Resources */,
				D9FA67CBBE9A8B1F3B34CC00 /* [CP] Embed Pods Frameworks */,
			);
			buildRules = (
			);
			dependencies = (
			);
			name = "Project-Swift";
			productName = "Project-Swift";
			productReference = 2DC8E0C621F4AA9F000DA778 /* Project-Swift.app */;
			productType = "com.apple.product-type.application";
		};
/* End PBXNativeTarget section */

/* Begin PBXProject section */
		2DC8E0BE21F4AA9F000DA778 /* Project object */ = {
			isa = PBXProject;
			attributes = {
				LastSwiftUpdateCheck = 1010;
				LastUpgradeCheck = 1010;
				ORGANIZATIONNAME = "swp-song";
				TargetAttributes = {
					2DC8E0C521F4AA9F000DA778 = {
						CreatedOnToolsVersion = 10.1;
						LastSwiftMigration = 1020;
					};
				};
			};
			buildConfigurationList = 2DC8E0C121F4AA9F000DA778 /* Build configuration list for PBXProject "Project-Swift" */;
			compatibilityVersion = "Xcode 9.3";
			developmentRegion = en;
			hasScannedForEncodings = 0;
			knownRegions = (
				en,
				Base,
			);
			mainGroup = 2DC8E0BD21F4AA9F000DA778;
			productRefGroup = 2DC8E0C721F4AA9F000DA778 /* Products */;
			projectDirPath = "";
			projectRoot = "";
			targets = (
				2DC8E0C521F4AA9F000DA778 /* Project-Swift */,
			);
		};
/* End PBXProject section */

/* Begin PBXResourcesBuildPhase section */
		2DC8E0C421F4AA9F000DA778 /* Resources */ = {
			isa = PBXResourcesBuildPhase;
			buildActionMask = 2147483647;
			files = (
				2DC8E0D421F4AA9F000DA778 /* LaunchScreen.storyboard in Resources */,
				2DC8E0D121F4AA9F000DA778 /* Assets.xcassets in Resources */,
				2DC8E0CF21F4AA9F000DA778 /* Main.storyboard in Resources */,
			);
			runOnlyForDeploymentPostprocessing = 0;
		};
/* End PBXResourcesBuildPhase section */

/* Begin PBXShellScriptBuildPhase section */
		8EC6A863A5EBB9CE2A04CBF8 /* [CP] Check Pods Manifest.lock */ = {
			isa = PBXShellScriptBuildPhase;
			buildActionMask = 2147483647;
			files = (
			);
			inputFileListPaths = (
			);
			inputPaths = (
				"${PODS_PODFILE_DIR_PATH}/Podfile.lock",
				"${PODS_ROOT}/Manifest.lock",
			);
			name = "[CP] Check Pods Manifest.lock";
			outputFileListPaths = (
			);
			outputPaths = (
				"$(DERIVED_FILE_DIR)/Pods-Project-Swift-checkManifestLockResult.txt",
			);
			runOnlyForDeploymentPostprocessing = 0;
			shellPath = /bin/sh;
			shellScript = "diff \"${PODS_PODFILE_DIR_PATH}/Podfile.lock\" \"${PODS_ROOT}/Manifest.lock\" > /dev/null\nif [ $? != 0 ] ; then\n    # print error to STDERR\n    echo \"error: The sandbox is not in sync with the Podfile.lock. Run 'pod install' or update your CocoaPods installation.\" >&2\n    exit 1\nfi\n# This output is used by Xcode 'outputs' to avoid re-running this script phase.\necho \"SUCCESS\" > \"${SCRIPT_OUTPUT_FILE_0}\"\n";
			showEnvVarsInLog = 0;
		};
		D9FA67CBBE9A8B1F3B34CC00 /* [CP] Embed Pods Frameworks */ = {
			isa = PBXShellScriptBuildPhase;
			buildActionMask = 2147483647;
			files = (
			);
			inputFileListPaths = (
				"${PODS_ROOT}/Target Support Files/Pods-Project-Swift/Pods-Project-Swift-frameworks-${CONFIGURATION}-input-files.xcfilelist",
			);
			name = "[CP] Embed Pods Frameworks";
			outputFileListPaths = (
				"${PODS_ROOT}/Target Support Files/Pods-Project-Swift/Pods-Project-Swift-frameworks-${CONFIGURATION}-output-files.xcfilelist",
			);
			runOnlyForDeploymentPostprocessing = 0;
			shellPath = /bin/sh;
			shellScript = "\"${PODS_ROOT}/Target Support Files/Pods-Project-Swift/Pods-Project-Swift-frameworks.sh\"\n";
			showEnvVarsInLog = 0;
		};
/* End PBXShellScriptBuildPhase section */

/* Begin PBXSourcesBuildPhase section */
		2DC8E0C221F4AA9F000DA778 /* Sources */ = {
			isa = PBXSourcesBuildPhase;
			buildActionMask = 2147483647;
			files = (
				F174FF6A21F96449004158F8 /* BaseViewController.swift in Sources */,
				F174FF5B21F876A8004158F8 /* RootViewController.swift in Sources */,
				F174FF7021F98FFD004158F8 /* CustomTextView.swift in Sources */,
				F174FF6221F8775C004158F8 /* CodeViewController.swift in Sources */,
				F174FF6C21F98DD1004158F8 /* XibCustomViewController.swift in Sources */,
				2DC8E0CA21F4AA9F000DA778 /* AppDelegate.swift in Sources */,
				F174FF5C21F876A8004158F8 /* XibViewController.swift in Sources */,
				F174FF6E21F98DE0004158F8 /* CodeCustomViewController.swift in Sources */,
			);
			runOnlyForDeploymentPostprocessing = 0;
		};
/* End PBXSourcesBuildPhase section */

/* Begin PBXVariantGroup section */
		2DC8E0CD21F4AA9F000DA778 /* Main.storyboard */ = {
			isa = PBXVariantGroup;
			children = (
				2DC8E0CE21F4AA9F000DA778 /* Base */,
			);
			name = Main.storyboard;
			sourceTree = "<group>";
		};
		2DC8E0D221F4AA9F000DA778 /* LaunchScreen.storyboard */ = {
			isa = PBXVariantGroup;
			children = (
				2DC8E0D321F4AA9F000DA778 /* Base */,
			);
			name = LaunchScreen.storyboard;
			sourceTree = "<group>";
		};
/* End PBXVariantGroup section */

/* Begin XCBuildConfiguration section */
		2DC8E0D621F4AA9F000DA778 /* Debug */ = {
			isa = XCBuildConfiguration;
			buildSettings = {
				ALWAYS_SEARCH_USER_PATHS = NO;
				CLANG_ANALYZER_NONNULL = YES;
				CLANG_ANALYZER_NUMBER_OBJECT_CONVERSION = YES_AGGRESSIVE;
				CLANG_CXX_LANGUAGE_STANDARD = "gnu++14";
				CLANG_CXX_LIBRARY = "libc++";
				CLANG_ENABLE_MODULES = YES;
				CLANG_ENABLE_OBJC_ARC = YES;
				CLANG_ENABLE_OBJC_WEAK = YES;
				CLANG_WARN_BLOCK_CAPTURE_AUTORELEASING = YES;
				CLANG_WARN_BOOL_CONVERSION = YES;
				CLANG_WARN_COMMA = YES;
				CLANG_WARN_CONSTANT_CONVERSION = YES;
				CLANG_WARN_DEPRECATED_OBJC_IMPLEMENTATIONS = YES;
				CLANG_WARN_DIRECT_OBJC_ISA_USAGE = YES_ERROR;
				CLANG_WARN_DOCUMENTATION_COMMENTS = YES;
				CLANG_WARN_EMPTY_BODY = YES;
				CLANG_WARN_ENUM_CONVERSION = YES;
				CLANG_WARN_INFINITE_RECURSION = YES;
				CLANG_WARN_INT_CONVERSION = YES;
				CLANG_WARN_NON_LITERAL_NULL_CONVERSION = YES;
				CLANG_WARN_OBJC_IMPLICIT_RETAIN_SELF = YES;
				CLANG_WARN_OBJC_LITERAL_CONVERSION = YES;
				CLANG_WARN_OBJC_ROOT_CLASS = YES_ERROR;
				CLANG_WARN_RANGE_LOOP_ANALYSIS = YES;
				CLANG_WARN_STRICT_PROTOTYPES = YES;
				CLANG_WARN_SUSPICIOUS_MOVE = YES;
				CLANG_WARN_UNGUARDED_AVAILABILITY = YES_AGGRESSIVE;
				CLANG_WARN_UNREACHABLE_CODE = YES;
				CLANG_WARN__DUPLICATE_METHOD_MATCH = YES;
				CODE_SIGN_IDENTITY = "iPhone Developer";
				COPY_PHASE_STRIP = NO;
				DEBUG_INFORMATION_FORMAT = dwarf;
				ENABLE_STRICT_OBJC_MSGSEND = YES;
				ENABLE_TESTABILITY = YES;
				GCC_C_LANGUAGE_STANDARD = gnu11;
				GCC_DYNAMIC_NO_PIC = NO;
				GCC_NO_COMMON_BLOCKS = YES;
				GCC_OPTIMIZATION_LEVEL = 0;
				GCC_PREPROCESSOR_DEFINITIONS = (
					"DEBUG=1",
					"$(inherited)",
				);
				GCC_WARN_64_TO_32_BIT_CONVERSION = YES;
				GCC_WARN_ABOUT_RETURN_TYPE = YES_ERROR;
				GCC_WARN_UNDECLARED_SELECTOR = YES;
				GCC_WARN_UNINITIALIZED_AUTOS = YES_AGGRESSIVE;
				GCC_WARN_UNUSED_FUNCTION = YES;
				GCC_WARN_UNUSED_VARIABLE = YES;
				IPHONEOS_DEPLOYMENT_TARGET = 12.1;
				MTL_ENABLE_DEBUG_INFO = INCLUDE_SOURCE;
				MTL_FAST_MATH = YES;
				ONLY_ACTIVE_ARCH = YES;
				SDKROOT = iphoneos;
				SWIFT_ACTIVE_COMPILATION_CONDITIONS = DEBUG;
				SWIFT_OPTIMIZATION_LEVEL = "-Onone";
			};
			name = Debug;
		};
		2DC8E0D721F4AA9F000DA778 /* Release */ = {
			isa = XCBuildConfiguration;
			buildSettings = {
				ALWAYS_SEARCH_USER_PATHS = NO;
				CLANG_ANALYZER_NONNULL = YES;
				CLANG_ANALYZER_NUMBER_OBJECT_CONVERSION = YES_AGGRESSIVE;
				CLANG_CXX_LANGUAGE_STANDARD = "gnu++14";
				CLANG_CXX_LIBRARY = "libc++";
				CLANG_ENABLE_MODULES = YES;
				CLANG_ENABLE_OBJC_ARC = YES;
				CLANG_ENABLE_OBJC_WEAK = YES;
				CLANG_WARN_BLOCK_CAPTURE_AUTORELEASING = YES;
				CLANG_WARN_BOOL_CONVERSION = YES;
				CLANG_WARN_COMMA = YES;
				CLANG_WARN_CONSTANT_CONVERSION = YES;
				CLANG_WARN_DEPRECATED_OBJC_IMPLEMENTATIONS = YES;
				CLANG_WARN_DIRECT_OBJC_ISA_USAGE = YES_ERROR;
				CLANG_WARN_DOCUMENTATION_COMMENTS = YES;
				CLANG_WARN_EMPTY_BODY = YES;
				CLANG_WARN_ENUM_CONVERSION = YES;
				CLANG_WARN_INFINITE_RECURSION = YES;
				CLANG_WARN_INT_CONVERSION = YES;
				CLANG_WARN_NON_LITERAL_NULL_CONVERSION = YES;
				CLANG_WARN_OBJC_IMPLICIT_RETAIN_SELF = YES;
				CLANG_WARN_OBJC_LITERAL_CONVERSION = YES;
				CLANG_WARN_OBJC_ROOT_CLASS = YES_ERROR;
				CLANG_WARN_RANGE_LOOP_ANALYSIS = YES;
				CLANG_WARN_STRICT_PROTOTYPES = YES;
				CLANG_WARN_SUSPICIOUS_MOVE = YES;
				CLANG_WARN_UNGUARDED_AVAILABILITY = YES_AGGRESSIVE;
				CLANG_WARN_UNREACHABLE_CODE = YES;
				CLANG_WARN__DUPLICATE_METHOD_MATCH = YES;
				CODE_SIGN_IDENTITY = "iPhone Developer";
				COPY_PHASE_STRIP = NO;
				DEBUG_INFORMATION_FORMAT = "dwarf-with-dsym";
				ENABLE_NS_ASSERTIONS = NO;
				ENABLE_STRICT_OBJC_MSGSEND = YES;
				GCC_C_LANGUAGE_STANDARD = gnu11;
				GCC_NO_COMMON_BLOCKS = YES;
				GCC_WARN_64_TO_32_BIT_CONVERSION = YES;
				GCC_WARN_ABOUT_RETURN_TYPE = YES_ERROR;
				GCC_WARN_UNDECLARED_SELECTOR = YES;
				GCC_WARN_UNINITIALIZED_AUTOS = YES_AGGRESSIVE;
				GCC_WARN_UNUSED_FUNCTION = YES;
				GCC_WARN_UNUSED_VARIABLE = YES;
				IPHONEOS_DEPLOYMENT_TARGET = 12.1;
				MTL_ENABLE_DEBUG_INFO = NO;
				MTL_FAST_MATH = YES;
				SDKROOT = iphoneos;
				SWIFT_COMPILATION_MODE = wholemodule;
				SWIFT_OPTIMIZATION_LEVEL = "-O";
				VALIDATE_PRODUCT = YES;
			};
			name = Release;
		};
		2DC8E0D921F4AA9F000DA778 /* Debug */ = {
			isa = XCBuildConfiguration;
			baseConfigurationReference = C236F4C643E55C290710AB0C /* Pods-Project-Swift.debug.xcconfig */;
			buildSettings = {
				ASSETCATALOG_COMPILER_APPICON_NAME = AppIcon;
				CLANG_ENABLE_MODULES = YES;
				CODE_SIGN_IDENTITY = "iPhone Developer";
				CODE_SIGN_STYLE = Automatic;
				DEVELOPMENT_TEAM = "";
				INFOPLIST_FILE = "Project-Swift/Info.plist";
				IPHONEOS_DEPLOYMENT_TARGET = 12.1;
				LD_RUNPATH_SEARCH_PATHS = (
					"$(inherited)",
					"@executable_path/Frameworks",
				);
				PRODUCT_BUNDLE_IDENTIFIER = "com.swp-song.";
				PRODUCT_NAME = "$(TARGET_NAME)";
				PROVISIONING_PROFILE_SPECIFIER = "";
				SWIFT_OPTIMIZATION_LEVEL = "-Onone";
				SWIFT_VERSION = 5.0;
				TARGETED_DEVICE_FAMILY = "1,2";
			};
			name = Debug;
		};
		2DC8E0DA21F4AA9F000DA778 /* Release */ = {
			isa = XCBuildConfiguration;
			baseConfigurationReference = 755DBCE2834096A0A2C93A51 /* Pods-Project-Swift.release.xcconfig */;
			buildSettings = {
				ASSETCATALOG_COMPILER_APPICON_NAME = AppIcon;
				CLANG_ENABLE_MODULES = YES;
				CODE_SIGN_IDENTITY = "iPhone Developer";
				CODE_SIGN_STYLE = Automatic;
				DEVELOPMENT_TEAM = "";
				INFOPLIST_FILE = "Project-Swift/Info.plist";
				IPHONEOS_DEPLOYMENT_TARGET = 12.1;
				LD_RUNPATH_SEARCH_PATHS = (
					"$(inherited)",
					"@executable_path/Frameworks",
				);
				PRODUCT_BUNDLE_IDENTIFIER = "com.swp-song.";
				PRODUCT_NAME = "$(TARGET_NAME)";
				PROVISIONING_PROFILE_SPECIFIER = "";
				SWIFT_VERSION = 5.0;
				TARGETED_DEVICE_FAMILY = "1,2";
			};
			name = Release;
		};
/* End XCBuildConfiguration section */

/* Begin XCConfigurationList section */
		2DC8E0C121F4AA9F000DA778 /* Build configuration list for PBXProject "Project-Swift" */ = {
			isa = XCConfigurationList;
			buildConfigurations = (
				2DC8E0D621F4AA9F000DA778 /* Debug */,
				2DC8E0D721F4AA9F000DA778 /* Release */,
			);
			defaultConfigurationIsVisible = 0;
			defaultConfigurationName = Release;
		};
		2DC8E0D821F4AA9F000DA778 /* Build configuration list for PBXNativeTarget "Project-Swift" */ = {
			isa = XCConfigurationList;
			buildConfigurations = (
				2DC8E0D921F4AA9F000DA778 /* Debug */,
				2DC8E0DA21F4AA9F000DA778 /* Release */,
			);
			defaultConfigurationIsVisible = 0;
			defaultConfigurationName = Release;
		};
/* End XCConfigurationList section */
	};
	rootObject = 2DC8E0BE21F4AA9F000DA778 /* Project object */;
}
