// !$*UTF8*$!
{
	archiveVersion = 1;
	classes = {
	};
	objectVersion = 50;
	objects = {

/* Begin PBXBuildFile section */
		3A4EDBEF210E5FD00B295C94 /* Pods_Project_Swift.framework in Frameworks */ = {isa = PBXBuildFile; fileRef = 360DCFD9FF2132AC200374CD /* Pods_Project_Swift.framework */; };
		F117D44D21F1DE7E00679D8E /* AppDelegate.swift in Sources */ = {isa = PBXBuildFile; fileRef = F117D44C21F1DE7E00679D8E /* AppDelegate.swift */; };
		F117D44F21F1DE7E00679D8E /* ViewController.swift in Sources */ = {isa = PBXBuildFile; fileRef = F117D44E21F1DE7E00679D8E /* ViewController.swift */; };
		F117D45221F1DE7E00679D8E /* Main.storyboard in Resources */ = {isa = PBXBuildFile; fileRef = F117D45021F1DE7E00679D8E /* Main.storyboard */; };
		F117D45421F1DE7E00679D8E /* Assets.xcassets in Resources */ = {isa = PBXBuildFile; fileRef = F117D45321F1DE7E00679D8E /* Assets.xcassets */; };
		F117D45721F1DE7E00679D8E /* LaunchScreen.storyboard in Resources */ = {isa = PBXBuildFile; fileRef = F117D45521F1DE7E00679D8E /* LaunchScreen.storyboard */; };
/* End PBXBuildFile section */

/* Begin PBXFileReference section */
		029351D210DD16B449DC7882 /* Pods-Project-Swift.release.xcconfig */ = {isa = PBXFileReference; includeInIndex = 1; lastKnownFileType = text.xcconfig; name = "Pods-Project-Swift.release.xcconfig"; path = "Target Support Files/Pods-Project-Swift/Pods-Project-Swift.release.xcconfig"; sourceTree = "<group>"; };
		360DCFD9FF2132AC200374CD /* Pods_Project_Swift.framework */ = {isa = PBXFileReference; explicitFileType = wrapper.framework; includeInIndex = 0; path = Pods_Project_Swift.framework; sourceTree = BUILT_PRODUCTS_DIR; };
		3DA1CA662E1583F367298C45 /* Pods-Project-Swift.debug.xcconfig */ = {isa = PBXFileReference; includeInIndex = 1; lastKnownFileType = text.xcconfig; name = "Pods-Project-Swift.debug.xcconfig"; path = "Target Support Files/Pods-Project-Swift/Pods-Project-Swift.debug.xcconfig"; sourceTree = "<group>"; };
		F117D44921F1DE7E00679D8E /* Project-Swift.app */ = {isa = PBXFileReference; explicitFileType = wrapper.application; includeInIndex = 0; path = "Project-Swift.app"; sourceTree = BUILT_PRODUCTS_DIR; };
		F117D44C21F1DE7E00679D8E /* AppDelegate.swift */ = {isa = PBXFileReference; lastKnownFileType = sourcecode.swift; path = AppDelegate.swift; sourceTree = "<group>"; };
		F117D44E21F1DE7E00679D8E /* ViewController.swift */ = {isa = PBXFileReference; lastKnownFileType = sourcecode.swift; path = ViewController.swift; sourceTree = "<group>"; };
		F117D45121F1DE7E00679D8E /* Base */ = {isa = PBXFileReference; lastKnownFileType = file.storyboard; name = Base; path = Base.lproj/Main.storyboard; sourceTree = "<group>"; };
		F117D45321F1DE7E00679D8E /* Assets.xcassets */ = {isa = PBXFileReference; lastKnownFileType = folder.assetcatalog; path = Assets.xcassets; sourceTree = "<group>"; };
		F117D45621F1DE7E00679D8E /* Base */ = {isa = PBXFileReference; lastKnownFileType = file.storyboard; name = Base; path = Base.lproj/LaunchScreen.storyboard; sourceTree = "<group>"; };
		F117D45821F1DE7E00679D8E /* Info.plist */ = {isa = PBXFileReference; lastKnownFileType = text.plist.xml; path = Info.plist; sourceTree = "<group>"; };
/* End PBXFileReference section */

/* Begin PBXFrameworksBuildPhase section */
		F117D44621F1DE7E00679D8E /* Frameworks */ = {
			isa = PBXFrameworksBuildPhase;
			buildActionMask = 2147483647;
			files = (
				3A4EDBEF210E5FD00B295C94 /* Pods_Project_Swift.framework in Frameworks */,
			);
			runOnlyForDeploymentPostprocessing = 0;
		};
/* End PBXFrameworksBuildPhase section */

/* Begin PBXGroup section */
		20BA7F959E7818A6F17F585D /* Pods */ = {
			isa = PBXGroup;
			children = (
				3DA1CA662E1583F367298C45 /* Pods-Project-Swift.debug.xcconfig */,
				029351D210DD16B449DC7882 /* Pods-Project-Swift.release.xcconfig */,
			);
			path = Pods;
			sourceTree = "<group>";
		};
		9A5E661F290232BA5BC7A79F /* Frameworks */ = {
			isa = PBXGroup;
			children = (
				360DCFD9FF2132AC200374CD /* Pods_Project_Swift.framework */,
			);
			name = Frameworks;
			sourceTree = "<group>";
		};
		F117D44021F1DE7E00679D8E = {
			isa = PBXGroup;
			children = (
				F117D44B21F1DE7E00679D8E /* Project-Swift */,
				F117D44A21F1DE7E00679D8E /* Products */,
				20BA7F959E7818A6F17F585D /* Pods */,
				9A5E661F290232BA5BC7A79F /* Frameworks */,
			);
			sourceTree = "<group>";
		};
		F117D44A21F1DE7E00679D8E /* Products */ = {
			isa = PBXGroup;
			children = (
				F117D44921F1DE7E00679D8E /* Project-Swift.app */,
			);
			name = Products;
			sourceTree = "<group>";
		};
		F117D44B21F1DE7E00679D8E /* Project-Swift */ = {
			isa = PBXGroup;
			children = (
				F117D44C21F1DE7E00679D8E /* AppDelegate.swift */,
				F117D44E21F1DE7E00679D8E /* ViewController.swift */,
				F117D45021F1DE7E00679D8E /* Main.storyboard */,
				F117D45321F1DE7E00679D8E /* Assets.xcassets */,
				F117D45521F1DE7E00679D8E /* LaunchScreen.storyboard */,
				F117D45821F1DE7E00679D8E /* Info.plist */,
			);
			path = "Project-Swift";
			sourceTree = "<group>";
		};
/* End PBXGroup section */

/* Begin PBXNativeTarget section */
		F117D44821F1DE7E00679D8E /* Project-Swift */ = {
			isa = PBXNativeTarget;
			buildConfigurationList = F117D45B21F1DE7E00679D8E /* Build configuration list for PBXNativeTarget "Project-Swift" */;
			buildPhases = (
				F0F6D15AF075BB0B6FE09ABE /* [CP] Check Pods Manifest.lock */,
				F117D44521F1DE7E00679D8E /* Sources */,
				F117D44621F1DE7E00679D8E /* Frameworks */,
				F117D44721F1DE7E00679D8E /* Resources */,
				5AA23FB3E6FD5DA379BFB55E /* [CP] Embed Pods Frameworks */,
			);
			buildRules = (
			);
			dependencies = (
			);
			name = "Project-Swift";
			productName = "Project-Swift";
			productReference = F117D44921F1DE7E00679D8E /* Project-Swift.app */;
			productType = "com.apple.product-type.application";
		};
/* End PBXNativeTarget section */

/* Begin PBXProject section */
		F117D44121F1DE7E00679D8E /* Project object */ = {
			isa = PBXProject;
			attributes = {
				LastSwiftUpdateCheck = 1010;
				LastUpgradeCheck = 1010;
				ORGANIZATIONNAME = "swp-song";
				TargetAttributes = {
					F117D44821F1DE7E00679D8E = {
						CreatedOnToolsVersion = 10.1;
					};
				};
			};
			buildConfigurationList = F117D44421F1DE7E00679D8E /* Build configuration list for PBXProject "Project-Swift" */;
			compatibilityVersion = "Xcode 9.3";
			developmentRegion = en;
			hasScannedForEncodings = 0;
			knownRegions = (
				en,
				Base,
			);
			mainGroup = F117D44021F1DE7E00679D8E;
			productRefGroup = F117D44A21F1DE7E00679D8E /* Products */;
			projectDirPath = "";
			projectRoot = "";
			targets = (
				F117D44821F1DE7E00679D8E /* Project-Swift */,
			);
		};
/* End PBXProject section */

/* Begin PBXResourcesBuildPhase section */
		F117D44721F1DE7E00679D8E /* Resources */ = {
			isa = PBXResourcesBuildPhase;
			buildActionMask = 2147483647;
			files = (
				F117D45721F1DE7E00679D8E /* LaunchScreen.storyboard in Resources */,
				F117D45421F1DE7E00679D8E /* Assets.xcassets in Resources */,
				F117D45221F1DE7E00679D8E /* Main.storyboard in Resources */,
			);
			runOnlyForDeploymentPostprocessing = 0;
		};
/* End PBXResourcesBuildPhase section */

/* Begin PBXShellScriptBuildPhase section */
		5AA23FB3E6FD5DA379BFB55E /* [CP] Embed Pods Frameworks */ = {
			isa = PBXShellScriptBuildPhase;
			buildActionMask = 2147483647;
			files = (
			);
			inputFileListPaths = (
			);
			inputPaths = (
				"${PODS_ROOT}/Target Support Files/Pods-Project-Swift/Pods-Project-Swift-frameworks.sh",
				"${BUILT_PRODUCTS_DIR}/SwpTextView/SwpTextView.framework",
			);
			name = "[CP] Embed Pods Frameworks";
			outputFileListPaths = (
			);
			outputPaths = (
				"${TARGET_BUILD_DIR}/${FRAMEWORKS_FOLDER_PATH}/SwpTextView.framework",
			);
			runOnlyForDeploymentPostprocessing = 0;
			shellPath = /bin/sh;
			shellScript = "\"${PODS_ROOT}/Target Support Files/Pods-Project-Swift/Pods-Project-Swift-frameworks.sh\"\n";
			showEnvVarsInLog = 0;
		};
		F0F6D15AF075BB0B6FE09ABE /* [CP] Check Pods Manifest.lock */ = {
			isa = PBXShellScriptBuildPhase;
			buildActionMask = 2147483647;
			files = (
			);
			inputFileListPaths = (
			);
			inputPaths = (
				"${PODS_PODFILE_DIR_PATH}/Podfile.lock",
				"${PODS_ROOT}/Manifest.lock",
			);
			name = "[CP] Check Pods Manifest.lock";
			outputFileListPaths = (
			);
			outputPaths = (
				"$(DERIVED_FILE_DIR)/Pods-Project-Swift-checkManifestLockResult.txt",
			);
			runOnlyForDeploymentPostprocessing = 0;
			shellPath = /bin/sh;
			shellScript = "diff \"${PODS_PODFILE_DIR_PATH}/Podfile.lock\" \"${PODS_ROOT}/Manifest.lock\" > /dev/null\nif [ $? != 0 ] ; then\n    # print error to STDERR\n    echo \"error: The sandbox is not in sync with the Podfile.lock. Run 'pod install' or update your CocoaPods installation.\" >&2\n    exit 1\nfi\n# This output is used by Xcode 'outputs' to avoid re-running this script phase.\necho \"SUCCESS\" > \"${SCRIPT_OUTPUT_FILE_0}\"\n";
			showEnvVarsInLog = 0;
		};
/* End PBXShellScriptBuildPhase section */

/* Begin PBXSourcesBuildPhase section */
		F117D44521F1DE7E00679D8E /* Sources */ = {
			isa = PBXSourcesBuildPhase;
			buildActionMask = 2147483647;
			files = (
				F117D44F21F1DE7E00679D8E /* ViewController.swift in Sources */,
				F117D44D21F1DE7E00679D8E /* AppDelegate.swift in Sources */,
			);
			runOnlyForDeploymentPostprocessing = 0;
		};
/* End PBXSourcesBuildPhase section */

/* Begin PBXVariantGroup section */
		F117D45021F1DE7E00679D8E /* Main.storyboard */ = {
			isa = PBXVariantGroup;
			children = (
				F117D45121F1DE7E00679D8E /* Base */,
			);
			name = Main.storyboard;
			sourceTree = "<group>";
		};
		F117D45521F1DE7E00679D8E /* LaunchScreen.storyboard */ = {
			isa = PBXVariantGroup;
			children = (
				F117D45621F1DE7E00679D8E /* Base */,
			);
			name = LaunchScreen.storyboard;
			sourceTree = "<group>";
		};
/* End PBXVariantGroup section */

/* Begin XCBuildConfiguration section */
		F117D45921F1DE7E00679D8E /* Debug */ = {
			isa = XCBuildConfiguration;
			buildSettings = {
				ALWAYS_SEARCH_USER_PATHS = NO;
				CLANG_ANALYZER_NONNULL = YES;
				CLANG_ANALYZER_NUMBER_OBJECT_CONVERSION = YES_AGGRESSIVE;
				CLANG_CXX_LANGUAGE_STANDARD = "gnu++14";
				CLANG_CXX_LIBRARY = "libc++";
				CLANG_ENABLE_MODULES = YES;
				CLANG_ENABLE_OBJC_ARC = YES;
				CLANG_ENABLE_OBJC_WEAK = YES;
				CLANG_WARN_BLOCK_CAPTURE_AUTORELEASING = YES;
				CLANG_WARN_BOOL_CONVERSION = YES;
				CLANG_WARN_COMMA = YES;
				CLANG_WARN_CONSTANT_CONVERSION = YES;
				CLANG_WARN_DEPRECATED_OBJC_IMPLEMENTATIONS = YES;
				CLANG_WARN_DIRECT_OBJC_ISA_USAGE = YES_ERROR;
				CLANG_WARN_DOCUMENTATION_COMMENTS = YES;
				CLANG_WARN_EMPTY_BODY = YES;
				CLANG_WARN_ENUM_CONVERSION = YES;
				CLANG_WARN_INFINITE_RECURSION = YES;
				CLANG_WARN_INT_CONVERSION = YES;
				CLANG_WARN_NON_LITERAL_NULL_CONVERSION = YES;
				CLANG_WARN_OBJC_IMPLICIT_RETAIN_SELF = YES;
				CLANG_WARN_OBJC_LITERAL_CONVERSION = YES;
				CLANG_WARN_OBJC_ROOT_CLASS = YES_ERROR;
				CLANG_WARN_RANGE_LOOP_ANALYSIS = YES;
				CLANG_WARN_STRICT_PROTOTYPES = YES;
				CLANG_WARN_SUSPICIOUS_MOVE = YES;
				CLANG_WARN_UNGUARDED_AVAILABILITY = YES_AGGRESSIVE;
				CLANG_WARN_UNREACHABLE_CODE = YES;
				CLANG_WARN__DUPLICATE_METHOD_MATCH = YES;
				CODE_SIGN_IDENTITY = "iPhone Developer";
				COPY_PHASE_STRIP = NO;
				DEBUG_INFORMATION_FORMAT = dwarf;
				ENABLE_STRICT_OBJC_MSGSEND = YES;
				ENABLE_TESTABILITY = YES;
				GCC_C_LANGUAGE_STANDARD = gnu11;
				GCC_DYNAMIC_NO_PIC = NO;
				GCC_NO_COMMON_BLOCKS = YES;
				GCC_OPTIMIZATION_LEVEL = 0;
				GCC_PREPROCESSOR_DEFINITIONS = (
					"DEBUG=1",
					"$(inherited)",
				);
				GCC_WARN_64_TO_32_BIT_CONVERSION = YES;
				GCC_WARN_ABOUT_RETURN_TYPE = YES_ERROR;
				GCC_WARN_UNDECLARED_SELECTOR = YES;
				GCC_WARN_UNINITIALIZED_AUTOS = YES_AGGRESSIVE;
				GCC_WARN_UNUSED_FUNCTION = YES;
				GCC_WARN_UNUSED_VARIABLE = YES;
				IPHONEOS_DEPLOYMENT_TARGET = 12.1;
				MTL_ENABLE_DEBUG_INFO = INCLUDE_SOURCE;
				MTL_FAST_MATH = YES;
				ONLY_ACTIVE_ARCH = YES;
				SDKROOT = iphoneos;
				SWIFT_ACTIVE_COMPILATION_CONDITIONS = DEBUG;
				SWIFT_OPTIMIZATION_LEVEL = "-Onone";
			};
			name = Debug;
		};
		F117D45A21F1DE7E00679D8E /* Release */ = {
			isa = XCBuildConfiguration;
			buildSettings = {
				ALWAYS_SEARCH_USER_PATHS = NO;
				CLANG_ANALYZER_NONNULL = YES;
				CLANG_ANALYZER_NUMBER_OBJECT_CONVERSION = YES_AGGRESSIVE;
				CLANG_CXX_LANGUAGE_STANDARD = "gnu++14";
				CLANG_CXX_LIBRARY = "libc++";
				CLANG_ENABLE_MODULES = YES;
				CLANG_ENABLE_OBJC_ARC = YES;
				CLANG_ENABLE_OBJC_WEAK = YES;
				CLANG_WARN_BLOCK_CAPTURE_AUTORELEASING = YES;
				CLANG_WARN_BOOL_CONVERSION = YES;
				CLANG_WARN_COMMA = YES;
				CLANG_WARN_CONSTANT_CONVERSION = YES;
				CLANG_WARN_DEPRECATED_OBJC_IMPLEMENTATIONS = YES;
				CLANG_WARN_DIRECT_OBJC_ISA_USAGE = YES_ERROR;
				CLANG_WARN_DOCUMENTATION_COMMENTS = YES;
				CLANG_WARN_EMPTY_BODY = YES;
				CLANG_WARN_ENUM_CONVERSION = YES;
				CLANG_WARN_INFINITE_RECURSION = YES;
				CLANG_WARN_INT_CONVERSION = YES;
				CLANG_WARN_NON_LITERAL_NULL_CONVERSION = YES;
				CLANG_WARN_OBJC_IMPLICIT_RETAIN_SELF = YES;
				CLANG_WARN_OBJC_LITERAL_CONVERSION = YES;
				CLANG_WARN_OBJC_ROOT_CLASS = YES_ERROR;
				CLANG_WARN_RANGE_LOOP_ANALYSIS = YES;
				CLANG_WARN_STRICT_PROTOTYPES = YES;
				CLANG_WARN_SUSPICIOUS_MOVE = YES;
				CLANG_WARN_UNGUARDED_AVAILABILITY = YES_AGGRESSIVE;
				CLANG_WARN_UNREACHABLE_CODE = YES;
				CLANG_WARN__DUPLICATE_METHOD_MATCH = YES;
				CODE_SIGN_IDENTITY = "iPhone Developer";
				COPY_PHASE_STRIP = NO;
				DEBUG_INFORMATION_FORMAT = "dwarf-with-dsym";
				ENABLE_NS_ASSERTIONS = NO;
				ENABLE_STRICT_OBJC_MSGSEND = YES;
				GCC_C_LANGUAGE_STANDARD = gnu11;
				GCC_NO_COMMON_BLOCKS = YES;
				GCC_WARN_64_TO_32_BIT_CONVERSION = YES;
				GCC_WARN_ABOUT_RETURN_TYPE = YES_ERROR;
				GCC_WARN_UNDECLARED_SELECTOR = YES;
				GCC_WARN_UNINITIALIZED_AUTOS = YES_AGGRESSIVE;
				GCC_WARN_UNUSED_FUNCTION = YES;
				GCC_WARN_UNUSED_VARIABLE = YES;
				IPHONEOS_DEPLOYMENT_TARGET = 12.1;
				MTL_ENABLE_DEBUG_INFO = NO;
				MTL_FAST_MATH = YES;
				SDKROOT = iphoneos;
				SWIFT_COMPILATION_MODE = wholemodule;
				SWIFT_OPTIMIZATION_LEVEL = "-O";
				VALIDATE_PRODUCT = YES;
			};
			name = Release;
		};
		F117D45C21F1DE7E00679D8E /* Debug */ = {
			isa = XCBuildConfiguration;
			baseConfigurationReference = 3DA1CA662E1583F367298C45 /* Pods-Project-Swift.debug.xcconfig */;
			buildSettings = {
				ASSETCATALOG_COMPILER_APPICON_NAME = AppIcon;
				CODE_SIGN_STYLE = Automatic;
				INFOPLIST_FILE = "Project-Swift/Info.plist";
				LD_RUNPATH_SEARCH_PATHS = (
					"$(inherited)",
					"@executable_path/Frameworks",
				);
				PRODUCT_BUNDLE_IDENTIFIER = "com.swp-song.Project-Swift";
				PRODUCT_NAME = "$(TARGET_NAME)";
				SWIFT_VERSION = 4.2;
				TARGETED_DEVICE_FAMILY = "1,2";
			};
			name = Debug;
		};
		F117D45D21F1DE7E00679D8E /* Release */ = {
			isa = XCBuildConfiguration;
			baseConfigurationReference = 029351D210DD16B449DC7882 /* Pods-Project-Swift.release.xcconfig */;
			buildSettings = {
				ASSETCATALOG_COMPILER_APPICON_NAME = AppIcon;
				CODE_SIGN_STYLE = Automatic;
				INFOPLIST_FILE = "Project-Swift/Info.plist";
				LD_RUNPATH_SEARCH_PATHS = (
					"$(inherited)",
					"@executable_path/Frameworks",
				);
				PRODUCT_BUNDLE_IDENTIFIER = "com.swp-song.Project-Swift";
				PRODUCT_NAME = "$(TARGET_NAME)";
				SWIFT_VERSION = 4.2;
				TARGETED_DEVICE_FAMILY = "1,2";
			};
			name = Release;
		};
/* End XCBuildConfiguration section */

/* Begin XCConfigurationList section */
		F117D44421F1DE7E00679D8E /* Build configuration list for PBXProject "Project-Swift" */ = {
			isa = XCConfigurationList;
			buildConfigurations = (
				F117D45921F1DE7E00679D8E /* Debug */,
				F117D45A21F1DE7E00679D8E /* Release */,
			);
			defaultConfigurationIsVisible = 0;
			defaultConfigurationName = Release;
		};
		F117D45B21F1DE7E00679D8E /* Build configuration list for PBXNativeTarget "Project-Swift" */ = {
			isa = XCConfigurationList;
			buildConfigurations = (
				F117D45C21F1DE7E00679D8E /* Debug */,
				F117D45D21F1DE7E00679D8E /* Release */,
			);
			defaultConfigurationIsVisible = 0;
			defaultConfigurationName = Release;
		};
/* End XCConfigurationList section */
	};
	rootObject = F117D44121F1DE7E00679D8E /* Project object */;
}
