PODS:
  - IQKeyboardManager (5.0.7)
  - Masonry (1.1.0)
  - SwpTextView (2.0.4)

DEPENDENCIES:
  - IQKeyboardManager
  - Masonry
  - SwpTextView (from `../`)

EXTERNAL SOURCES:
  SwpTextView:
    :path: ../

SPEC CHECKSUMS:
  IQKeyboardManager: 0bfa4607d39924116b5c0c8b55b5d789288b5cba
  Masonry: 678fab65091a9290e40e2832a55e7ab731aad201
  SwpTextView: 07cf95d308947ce2adbbc7a8ca53a39b3b24c3a5

PODFILE CHECKSUM: 4991c9a3c898be4ade347f5bea083436016c5853

COCOAPODS: 1.4.0
