// !$*UTF8*$!
{
	archiveVersion = 1;
	classes = {
	};
	objectVersion = 50;
	objects = {

/* Begin PBXBuildFile section */
		218B1C1CF25FF1BD6DB8A8AB /* libPods-Project-OC.a in Frameworks */ = {isa = PBXBuildFile; fileRef = BCBD42DDF8724E030C460CA9 /* libPods-Project-OC.a */; };
		F111559521F9BC5E0046122F /* CustomTextView.m in Sources */ = {isa = PBXBuildFile; fileRef = F111559421F9BC5E0046122F /* CustomTextView.m */; };
		F117D42C21F1DBC900679D8E /* AppDelegate.m in Sources */ = {isa = PBXBuildFile; fileRef = F117D42B21F1DBC900679D8E /* AppDelegate.m */; };
		F117D43221F1DBC900679D8E /* Main.storyboard in Resources */ = {isa = PBXBuildFile; fileRef = F117D43021F1DBC900679D8E /* Main.storyboard */; };
		F117D43421F1DBCA00679D8E /* Assets.xcassets in Resources */ = {isa = PBXBuildFile; fileRef = F117D43321F1DBCA00679D8E /* Assets.xcassets */; };
		F117D43721F1DBCA00679D8E /* LaunchScreen.storyboard in Resources */ = {isa = PBXBuildFile; fileRef = F117D43521F1DBCA00679D8E /* LaunchScreen.storyboard */; };
		F117D43A21F1DBCA00679D8E /* main.m in Sources */ = {isa = PBXBuildFile; fileRef = F117D43921F1DBCA00679D8E /* main.m */; };
		F174FF7921F9B15E004158F8 /* RootViewController.m in Sources */ = {isa = PBXBuildFile; fileRef = F174FF7821F9B15E004158F8 /* RootViewController.m */; };
		F174FF7C21F9B198004158F8 /* BaseViewController.m in Sources */ = {isa = PBXBuildFile; fileRef = F174FF7B21F9B198004158F8 /* BaseViewController.m */; };
		F174FF7F21F9B1A7004158F8 /* XibViewController.m in Sources */ = {isa = PBXBuildFile; fileRef = F174FF7E21F9B1A7004158F8 /* XibViewController.m */; };
		F174FF8221F9B1B1004158F8 /* CodeViewController.m in Sources */ = {isa = PBXBuildFile; fileRef = F174FF8121F9B1B1004158F8 /* CodeViewController.m */; };
		F174FF8521F9B1BD004158F8 /* XibCustomViewController.m in Sources */ = {isa = PBXBuildFile; fileRef = F174FF8421F9B1BD004158F8 /* XibCustomViewController.m */; };
		F174FF8821F9B1C8004158F8 /* CodeCustomViewController.m in Sources */ = {isa = PBXBuildFile; fileRef = F174FF8721F9B1C8004158F8 /* CodeCustomViewController.m */; };
/* End PBXBuildFile section */

/* Begin PBXFileReference section */
		1EECB160FBB4F968B3395264 /* Pods-Project-OC.debug.xcconfig */ = {isa = PBXFileReference; includeInIndex = 1; lastKnownFileType = text.xcconfig; name = "Pods-Project-OC.debug.xcconfig"; path = "Target Support Files/Pods-Project-OC/Pods-Project-OC.debug.xcconfig"; sourceTree = "<group>"; };
		A230B9CBF1C4CCD4AFAECD4A /* Pods-Project-OC.release.xcconfig */ = {isa = PBXFileReference; includeInIndex = 1; lastKnownFileType = text.xcconfig; name = "Pods-Project-OC.release.xcconfig"; path = "Target Support Files/Pods-Project-OC/Pods-Project-OC.release.xcconfig"; sourceTree = "<group>"; };
		BCBD42DDF8724E030C460CA9 /* libPods-Project-OC.a */ = {isa = PBXFileReference; explicitFileType = archive.ar; includeInIndex = 0; path = "libPods-Project-OC.a"; sourceTree = BUILT_PRODUCTS_DIR; };
		F111559321F9BC5E0046122F /* CustomTextView.h */ = {isa = PBXFileReference; lastKnownFileType = sourcecode.c.h; path = CustomTextView.h; sourceTree = "<group>"; };
		F111559421F9BC5E0046122F /* CustomTextView.m */ = {isa = PBXFileReference; lastKnownFileType = sourcecode.c.objc; path = CustomTextView.m; sourceTree = "<group>"; };
		F117D42721F1DBC900679D8E /* Project-OC.app */ = {isa = PBXFileReference; explicitFileType = wrapper.application; includeInIndex = 0; path = "Project-OC.app"; sourceTree = BUILT_PRODUCTS_DIR; };
		F117D42A21F1DBC900679D8E /* AppDelegate.h */ = {isa = PBXFileReference; lastKnownFileType = sourcecode.c.h; path = AppDelegate.h; sourceTree = "<group>"; };
		F117D42B21F1DBC900679D8E /* AppDelegate.m */ = {isa = PBXFileReference; lastKnownFileType = sourcecode.c.objc; path = AppDelegate.m; sourceTree = "<group>"; };
		F117D43121F1DBC900679D8E /* Base */ = {isa = PBXFileReference; lastKnownFileType = file.storyboard; name = Base; path = Base.lproj/Main.storyboard; sourceTree = "<group>"; };
		F117D43321F1DBCA00679D8E /* Assets.xcassets */ = {isa = PBXFileReference; lastKnownFileType = folder.assetcatalog; path = Assets.xcassets; sourceTree = "<group>"; };
		F117D43621F1DBCA00679D8E /* Base */ = {isa = PBXFileReference; lastKnownFileType = file.storyboard; name = Base; path = Base.lproj/LaunchScreen.storyboard; sourceTree = "<group>"; };
		F117D43821F1DBCA00679D8E /* Info.plist */ = {isa = PBXFileReference; lastKnownFileType = text.plist.xml; path = Info.plist; sourceTree = "<group>"; };
		F117D43921F1DBCA00679D8E /* main.m */ = {isa = PBXFileReference; lastKnownFileType = sourcecode.c.objc; path = main.m; sourceTree = "<group>"; };
		F174FF7721F9B15E004158F8 /* RootViewController.h */ = {isa = PBXFileReference; lastKnownFileType = sourcecode.c.h; path = RootViewController.h; sourceTree = "<group>"; };
		F174FF7821F9B15E004158F8 /* RootViewController.m */ = {isa = PBXFileReference; lastKnownFileType = sourcecode.c.objc; path = RootViewController.m; sourceTree = "<group>"; };
		F174FF7A21F9B198004158F8 /* BaseViewController.h */ = {isa = PBXFileReference; lastKnownFileType = sourcecode.c.h; path = BaseViewController.h; sourceTree = "<group>"; };
		F174FF7B21F9B198004158F8 /* BaseViewController.m */ = {isa = PBXFileReference; lastKnownFileType = sourcecode.c.objc; path = BaseViewController.m; sourceTree = "<group>"; };
		F174FF7D21F9B1A7004158F8 /* XibViewController.h */ = {isa = PBXFileReference; lastKnownFileType = sourcecode.c.h; path = XibViewController.h; sourceTree = "<group>"; };
		F174FF7E21F9B1A7004158F8 /* XibViewController.m */ = {isa = PBXFileReference; lastKnownFileType = sourcecode.c.objc; path = XibViewController.m; sourceTree = "<group>"; };
		F174FF8021F9B1B1004158F8 /* CodeViewController.h */ = {isa = PBXFileReference; lastKnownFileType = sourcecode.c.h; path = CodeViewController.h; sourceTree = "<group>"; };
		F174FF8121F9B1B1004158F8 /* CodeViewController.m */ = {isa = PBXFileReference; lastKnownFileType = sourcecode.c.objc; path = CodeViewController.m; sourceTree = "<group>"; };
		F174FF8321F9B1BD004158F8 /* XibCustomViewController.h */ = {isa = PBXFileReference; lastKnownFileType = sourcecode.c.h; path = XibCustomViewController.h; sourceTree = "<group>"; };
		F174FF8421F9B1BD004158F8 /* XibCustomViewController.m */ = {isa = PBXFileReference; lastKnownFileType = sourcecode.c.objc; path = XibCustomViewController.m; sourceTree = "<group>"; };
		F174FF8621F9B1C8004158F8 /* CodeCustomViewController.h */ = {isa = PBXFileReference; lastKnownFileType = sourcecode.c.h; path = CodeCustomViewController.h; sourceTree = "<group>"; };
		F174FF8721F9B1C8004158F8 /* CodeCustomViewController.m */ = {isa = PBXFileReference; lastKnownFileType = sourcecode.c.objc; path = CodeCustomViewController.m; sourceTree = "<group>"; };
/* End PBXFileReference section */

/* Begin PBXFrameworksBuildPhase section */
		F117D42421F1DBC900679D8E /* Frameworks */ = {
			isa = PBXFrameworksBuildPhase;
			buildActionMask = 2147483647;
			files = (
				218B1C1CF25FF1BD6DB8A8AB /* libPods-Project-OC.a in Frameworks */,
			);
			runOnlyForDeploymentPostprocessing = 0;
		};
/* End PBXFrameworksBuildPhase section */

/* Begin PBXGroup section */
		3EBFE4B146469CA3D569A325 /* Frameworks */ = {
			isa = PBXGroup;
			children = (
				BCBD42DDF8724E030C460CA9 /* libPods-Project-OC.a */,
			);
			name = Frameworks;
			sourceTree = "<group>";
		};
		64A301C0B8F63B6E75440957 /* Pods */ = {
			isa = PBXGroup;
			children = (
				1EECB160FBB4F968B3395264 /* Pods-Project-OC.debug.xcconfig */,
				A230B9CBF1C4CCD4AFAECD4A /* Pods-Project-OC.release.xcconfig */,
			);
			path = Pods;
			sourceTree = "<group>";
		};
		F117D41E21F1DBC900679D8E = {
			isa = PBXGroup;
			children = (
				F117D42921F1DBC900679D8E /* Project-OC */,
				F117D42821F1DBC900679D8E /* Products */,
				64A301C0B8F63B6E75440957 /* Pods */,
				3EBFE4B146469CA3D569A325 /* Frameworks */,
			);
			sourceTree = "<group>";
		};
		F117D42821F1DBC900679D8E /* Products */ = {
			isa = PBXGroup;
			children = (
				F117D42721F1DBC900679D8E /* Project-OC.app */,
			);
			name = Products;
			sourceTree = "<group>";
		};
		F117D42921F1DBC900679D8E /* Project-OC */ = {
			isa = PBXGroup;
			children = (
				F174FF7121F9B0FD004158F8 /* Codes */,
				F117D42A21F1DBC900679D8E /* AppDelegate.h */,
				F117D42B21F1DBC900679D8E /* AppDelegate.m */,
				F117D43021F1DBC900679D8E /* Main.storyboard */,
				F117D43321F1DBCA00679D8E /* Assets.xcassets */,
				F117D43521F1DBCA00679D8E /* LaunchScreen.storyboard */,
				F117D43821F1DBCA00679D8E /* Info.plist */,
				F117D43921F1DBCA00679D8E /* main.m */,
			);
			path = "Project-OC";
			sourceTree = "<group>";
		};
		F174FF7121F9B0FD004158F8 /* Codes */ = {
			isa = PBXGroup;
			children = (
				F174FF7221F9B0FD004158F8 /* Views */,
				F174FF7321F9B0FD004158F8 /* Contollers */,
			);
			path = Codes;
			sourceTree = "<group>";
		};
		F174FF7221F9B0FD004158F8 /* Views */ = {
			isa = PBXGroup;
			children = (
				F111559321F9BC5E0046122F /* CustomTextView.h */,
				F111559421F9BC5E0046122F /* CustomTextView.m */,
			);
			path = Views;
			sourceTree = "<group>";
		};
		F174FF7321F9B0FD004158F8 /* Contollers */ = {
			isa = PBXGroup;
			children = (
				F174FF7721F9B15E004158F8 /* RootViewController.h */,
				F174FF7821F9B15E004158F8 /* RootViewController.m */,
				F174FF7A21F9B198004158F8 /* BaseViewController.h */,
				F174FF7B21F9B198004158F8 /* BaseViewController.m */,
				F174FF7D21F9B1A7004158F8 /* XibViewController.h */,
				F174FF7E21F9B1A7004158F8 /* XibViewController.m */,
				F174FF8021F9B1B1004158F8 /* CodeViewController.h */,
				F174FF8121F9B1B1004158F8 /* CodeViewController.m */,
				F174FF8321F9B1BD004158F8 /* XibCustomViewController.h */,
				F174FF8421F9B1BD004158F8 /* XibCustomViewController.m */,
				F174FF8621F9B1C8004158F8 /* CodeCustomViewController.h */,
				F174FF8721F9B1C8004158F8 /* CodeCustomViewController.m */,
			);
			path = Contollers;
			sourceTree = "<group>";
		};
/* End PBXGroup section */

/* Begin PBXNativeTarget section */
		F117D42621F1DBC900679D8E /* Project-OC */ = {
			isa = PBXNativeTarget;
			buildConfigurationList = F117D43D21F1DBCA00679D8E /* Build configuration list for PBXNativeTarget "Project-OC" */;
			buildPhases = (
				C1872E345D000BE2BF92C151 /* [CP] Check Pods Manifest.lock */,
				F117D42321F1DBC900679D8E /* Sources */,
				F117D42421F1DBC900679D8E /* Frameworks */,
				F117D42521F1DBC900679D8E /* Resources */,
				AEDF49038C0D799B2C39E599 /* [CP] Copy Pods Resources */,
			);
			buildRules = (
			);
			dependencies = (
			);
			name = "Project-OC";
			productName = "Project-OC";
			productReference = F117D42721F1DBC900679D8E /* Project-OC.app */;
			productType = "com.apple.product-type.application";
		};
/* End PBXNativeTarget section */

/* Begin PBXProject section */
		F117D41F21F1DBC900679D8E /* Project object */ = {
			isa = PBXProject;
			attributes = {
				LastUpgradeCheck = 1010;
				ORGANIZATIONNAME = "swp-song";
				TargetAttributes = {
					F117D42621F1DBC900679D8E = {
						CreatedOnToolsVersion = 10.1;
						LastSwiftMigration = 1010;
					};
				};
			};
			buildConfigurationList = F117D42221F1DBC900679D8E /* Build configuration list for PBXProject "Project-OC" */;
			compatibilityVersion = "Xcode 9.3";
			developmentRegion = en;
			hasScannedForEncodings = 0;
			knownRegions = (
				en,
				Base,
			);
			mainGroup = F117D41E21F1DBC900679D8E;
			productRefGroup = F117D42821F1DBC900679D8E /* Products */;
			projectDirPath = "";
			projectRoot = "";
			targets = (
				F117D42621F1DBC900679D8E /* Project-OC */,
			);
		};
/* End PBXProject section */

/* Begin PBXResourcesBuildPhase section */
		F117D42521F1DBC900679D8E /* Resources */ = {
			isa = PBXResourcesBuildPhase;
			buildActionMask = 2147483647;
			files = (
				F117D43721F1DBCA00679D8E /* LaunchScreen.storyboard in Resources */,
				F117D43421F1DBCA00679D8E /* Assets.xcassets in Resources */,
				F117D43221F1DBC900679D8E /* Main.storyboard in Resources */,
			);
			runOnlyForDeploymentPostprocessing = 0;
		};
/* End PBXResourcesBuildPhase section */

/* Begin PBXShellScriptBuildPhase section */
		AEDF49038C0D799B2C39E599 /* [CP] Copy Pods Resources */ = {
			isa = PBXShellScriptBuildPhase;
			buildActionMask = 2147483647;
			files = (
			);
			inputFileListPaths = (
			);
			inputPaths = (
				"${PODS_ROOT}/Target Support Files/Pods-Project-OC/Pods-Project-OC-resources.sh",
				"${PODS_ROOT}/IQKeyboardManager/IQKeyboardManager/Resources/IQKeyboardManager.bundle",
				"${PODS_ROOT}/../../SwpTextView/Object-C/Resources/SwpTextView.bundle",
			);
			name = "[CP] Copy Pods Resources";
			outputFileListPaths = (
			);
			outputPaths = (
				"${TARGET_BUILD_DIR}/${UNLOCALIZED_RESOURCES_FOLDER_PATH}/IQKeyboardManager.bundle",
				"${TARGET_BUILD_DIR}/${UNLOCALIZED_RESOURCES_FOLDER_PATH}/SwpTextView.bundle",
			);
			runOnlyForDeploymentPostprocessing = 0;
			shellPath = /bin/sh;
			shellScript = "\"${PODS_ROOT}/Target Support Files/Pods-Project-OC/Pods-Project-OC-resources.sh\"\n";
			showEnvVarsInLog = 0;
		};
		C1872E345D000BE2BF92C151 /* [CP] Check Pods Manifest.lock */ = {
			isa = PBXShellScriptBuildPhase;
			buildActionMask = 2147483647;
			files = (
			);
			inputFileListPaths = (
			);
			inputPaths = (
				"${PODS_PODFILE_DIR_PATH}/Podfile.lock",
				"${PODS_ROOT}/Manifest.lock",
			);
			name = "[CP] Check Pods Manifest.lock";
			outputFileListPaths = (
			);
			outputPaths = (
				"$(DERIVED_FILE_DIR)/Pods-Project-OC-checkManifestLockResult.txt",
			);
			runOnlyForDeploymentPostprocessing = 0;
			shellPath = /bin/sh;
			shellScript = "diff \"${PODS_PODFILE_DIR_PATH}/Podfile.lock\" \"${PODS_ROOT}/Manifest.lock\" > /dev/null\nif [ $? != 0 ] ; then\n    # print error to STDERR\n    echo \"error: The sandbox is not in sync with the Podfile.lock. Run 'pod install' or update your CocoaPods installation.\" >&2\n    exit 1\nfi\n# This output is used by Xcode 'outputs' to avoid re-running this script phase.\necho \"SUCCESS\" > \"${SCRIPT_OUTPUT_FILE_0}\"\n";
			showEnvVarsInLog = 0;
		};
/* End PBXShellScriptBuildPhase section */

/* Begin PBXSourcesBuildPhase section */
		F117D42321F1DBC900679D8E /* Sources */ = {
			isa = PBXSourcesBuildPhase;
			buildActionMask = 2147483647;
			files = (
				F111559521F9BC5E0046122F /* CustomTextView.m in Sources */,
				F174FF8521F9B1BD004158F8 /* XibCustomViewController.m in Sources */,
				F174FF7C21F9B198004158F8 /* BaseViewController.m in Sources */,
				F174FF7F21F9B1A7004158F8 /* XibViewController.m in Sources */,
				F174FF8821F9B1C8004158F8 /* CodeCustomViewController.m in Sources */,
				F117D43A21F1DBCA00679D8E /* main.m in Sources */,
				F117D42C21F1DBC900679D8E /* AppDelegate.m in Sources */,
				F174FF7921F9B15E004158F8 /* RootViewController.m in Sources */,
				F174FF8221F9B1B1004158F8 /* CodeViewController.m in Sources */,
			);
			runOnlyForDeploymentPostprocessing = 0;
		};
/* End PBXSourcesBuildPhase section */

/* Begin PBXVariantGroup section */
		F117D43021F1DBC900679D8E /* Main.storyboard */ = {
			isa = PBXVariantGroup;
			children = (
				F117D43121F1DBC900679D8E /* Base */,
			);
			name = Main.storyboard;
			sourceTree = "<group>";
		};
		F117D43521F1DBCA00679D8E /* LaunchScreen.storyboard */ = {
			isa = PBXVariantGroup;
			children = (
				F117D43621F1DBCA00679D8E /* Base */,
			);
			name = LaunchScreen.storyboard;
			sourceTree = "<group>";
		};
/* End PBXVariantGroup section */

/* Begin XCBuildConfiguration section */
		F117D43B21F1DBCA00679D8E /* Debug */ = {
			isa = XCBuildConfiguration;
			buildSettings = {
				ALWAYS_SEARCH_USER_PATHS = NO;
				CLANG_ANALYZER_NONNULL = YES;
				CLANG_ANALYZER_NUMBER_OBJECT_CONVERSION = YES_AGGRESSIVE;
				CLANG_CXX_LANGUAGE_STANDARD = "gnu++14";
				CLANG_CXX_LIBRARY = "libc++";
				CLANG_ENABLE_MODULES = YES;
				CLANG_ENABLE_OBJC_ARC = YES;
				CLANG_ENABLE_OBJC_WEAK = YES;
				CLANG_WARN_BLOCK_CAPTURE_AUTORELEASING = YES;
				CLANG_WARN_BOOL_CONVERSION = YES;
				CLANG_WARN_COMMA = YES;
				CLANG_WARN_CONSTANT_CONVERSION = YES;
				CLANG_WARN_DEPRECATED_OBJC_IMPLEMENTATIONS = YES;
				CLANG_WARN_DIRECT_OBJC_ISA_USAGE = YES_ERROR;
				CLANG_WARN_DOCUMENTATION_COMMENTS = YES;
				CLANG_WARN_EMPTY_BODY = YES;
				CLANG_WARN_ENUM_CONVERSION = YES;
				CLANG_WARN_INFINITE_RECURSION = YES;
				CLANG_WARN_INT_CONVERSION = YES;
				CLANG_WARN_NON_LITERAL_NULL_CONVERSION = YES;
				CLANG_WARN_OBJC_IMPLICIT_RETAIN_SELF = YES;
				CLANG_WARN_OBJC_LITERAL_CONVERSION = YES;
				CLANG_WARN_OBJC_ROOT_CLASS = YES_ERROR;
				CLANG_WARN_RANGE_LOOP_ANALYSIS = YES;
				CLANG_WARN_STRICT_PROTOTYPES = YES;
				CLANG_WARN_SUSPICIOUS_MOVE = YES;
				CLANG_WARN_UNGUARDED_AVAILABILITY = YES_AGGRESSIVE;
				CLANG_WARN_UNREACHABLE_CODE = YES;
				CLANG_WARN__DUPLICATE_METHOD_MATCH = YES;
				CODE_SIGN_IDENTITY = "iPhone Developer";
				COPY_PHASE_STRIP = NO;
				DEBUG_INFORMATION_FORMAT = dwarf;
				ENABLE_STRICT_OBJC_MSGSEND = YES;
				ENABLE_TESTABILITY = YES;
				GCC_C_LANGUAGE_STANDARD = gnu11;
				GCC_DYNAMIC_NO_PIC = NO;
				GCC_NO_COMMON_BLOCKS = YES;
				GCC_OPTIMIZATION_LEVEL = 0;
				GCC_PREPROCESSOR_DEFINITIONS = (
					"DEBUG=1",
					"$(inherited)",
				);
				GCC_WARN_64_TO_32_BIT_CONVERSION = YES;
				GCC_WARN_ABOUT_RETURN_TYPE = YES_ERROR;
				GCC_WARN_UNDECLARED_SELECTOR = YES;
				GCC_WARN_UNINITIALIZED_AUTOS = YES_AGGRESSIVE;
				GCC_WARN_UNUSED_FUNCTION = YES;
				GCC_WARN_UNUSED_VARIABLE = YES;
				IPHONEOS_DEPLOYMENT_TARGET = 12.1;
				MTL_ENABLE_DEBUG_INFO = INCLUDE_SOURCE;
				MTL_FAST_MATH = YES;
				ONLY_ACTIVE_ARCH = YES;
				SDKROOT = iphoneos;
			};
			name = Debug;
		};
		F117D43C21F1DBCA00679D8E /* Release */ = {
			isa = XCBuildConfiguration;
			buildSettings = {
				ALWAYS_SEARCH_USER_PATHS = NO;
				CLANG_ANALYZER_NONNULL = YES;
				CLANG_ANALYZER_NUMBER_OBJECT_CONVERSION = YES_AGGRESSIVE;
				CLANG_CXX_LANGUAGE_STANDARD = "gnu++14";
				CLANG_CXX_LIBRARY = "libc++";
				CLANG_ENABLE_MODULES = YES;
				CLANG_ENABLE_OBJC_ARC = YES;
				CLANG_ENABLE_OBJC_WEAK = YES;
				CLANG_WARN_BLOCK_CAPTURE_AUTORELEASING = YES;
				CLANG_WARN_BOOL_CONVERSION = YES;
				CLANG_WARN_COMMA = YES;
				CLANG_WARN_CONSTANT_CONVERSION = YES;
				CLANG_WARN_DEPRECATED_OBJC_IMPLEMENTATIONS = YES;
				CLANG_WARN_DIRECT_OBJC_ISA_USAGE = YES_ERROR;
				CLANG_WARN_DOCUMENTATION_COMMENTS = YES;
				CLANG_WARN_EMPTY_BODY = YES;
				CLANG_WARN_ENUM_CONVERSION = YES;
				CLANG_WARN_INFINITE_RECURSION = YES;
				CLANG_WARN_INT_CONVERSION = YES;
				CLANG_WARN_NON_LITERAL_NULL_CONVERSION = YES;
				CLANG_WARN_OBJC_IMPLICIT_RETAIN_SELF = YES;
				CLANG_WARN_OBJC_LITERAL_CONVERSION = YES;
				CLANG_WARN_OBJC_ROOT_CLASS = YES_ERROR;
				CLANG_WARN_RANGE_LOOP_ANALYSIS = YES;
				CLANG_WARN_STRICT_PROTOTYPES = YES;
				CLANG_WARN_SUSPICIOUS_MOVE = YES;
				CLANG_WARN_UNGUARDED_AVAILABILITY = YES_AGGRESSIVE;
				CLANG_WARN_UNREACHABLE_CODE = YES;
				CLANG_WARN__DUPLICATE_METHOD_MATCH = YES;
				CODE_SIGN_IDENTITY = "iPhone Developer";
				COPY_PHASE_STRIP = NO;
				DEBUG_INFORMATION_FORMAT = "dwarf-with-dsym";
				ENABLE_NS_ASSERTIONS = NO;
				ENABLE_STRICT_OBJC_MSGSEND = YES;
				GCC_C_LANGUAGE_STANDARD = gnu11;
				GCC_NO_COMMON_BLOCKS = YES;
				GCC_WARN_64_TO_32_BIT_CONVERSION = YES;
				GCC_WARN_ABOUT_RETURN_TYPE = YES_ERROR;
				GCC_WARN_UNDECLARED_SELECTOR = YES;
				GCC_WARN_UNINITIALIZED_AUTOS = YES_AGGRESSIVE;
				GCC_WARN_UNUSED_FUNCTION = YES;
				GCC_WARN_UNUSED_VARIABLE = YES;
				IPHONEOS_DEPLOYMENT_TARGET = 12.1;
				MTL_ENABLE_DEBUG_INFO = NO;
				MTL_FAST_MATH = YES;
				SDKROOT = iphoneos;
				VALIDATE_PRODUCT = YES;
			};
			name = Release;
		};
		F117D43E21F1DBCA00679D8E /* Debug */ = {
			isa = XCBuildConfiguration;
			baseConfigurationReference = 1EECB160FBB4F968B3395264 /* Pods-Project-OC.debug.xcconfig */;
			buildSettings = {
				ASSETCATALOG_COMPILER_APPICON_NAME = AppIcon;
				CLANG_ENABLE_MODULES = YES;
				CODE_SIGN_STYLE = Automatic;
				INFOPLIST_FILE = "Project-OC/Info.plist";
				IPHONEOS_DEPLOYMENT_TARGET = 9.0;
				LD_RUNPATH_SEARCH_PATHS = (
					"$(inherited)",
					"@executable_path/Frameworks",
				);
				PRODUCT_BUNDLE_IDENTIFIER = "com.swp-song.";
				PRODUCT_NAME = "$(TARGET_NAME)";
				SWIFT_OPTIMIZATION_LEVEL = "-Onone";
				SWIFT_VERSION = 4.2;
				TARGETED_DEVICE_FAMILY = "1,2";
			};
			name = Debug;
		};
		F117D43F21F1DBCA00679D8E /* Release */ = {
			isa = XCBuildConfiguration;
			baseConfigurationReference = A230B9CBF1C4CCD4AFAECD4A /* Pods-Project-OC.release.xcconfig */;
			buildSettings = {
				ASSETCATALOG_COMPILER_APPICON_NAME = AppIcon;
				CLANG_ENABLE_MODULES = YES;
				CODE_SIGN_STYLE = Automatic;
				INFOPLIST_FILE = "Project-OC/Info.plist";
				IPHONEOS_DEPLOYMENT_TARGET = 9.0;
				LD_RUNPATH_SEARCH_PATHS = (
					"$(inherited)",
					"@executable_path/Frameworks",
				);
				PRODUCT_BUNDLE_IDENTIFIER = "com.swp-song.";
				PRODUCT_NAME = "$(TARGET_NAME)";
				SWIFT_VERSION = 4.2;
				TARGETED_DEVICE_FAMILY = "1,2";
			};
			name = Release;
		};
/* End XCBuildConfiguration section */

/* Begin XCConfigurationList section */
		F117D42221F1DBC900679D8E /* Build configuration list for PBXProject "Project-OC" */ = {
			isa = XCConfigurationList;
			buildConfigurations = (
				F117D43B21F1DBCA00679D8E /* Debug */,
				F117D43C21F1DBCA00679D8E /* Release */,
			);
			defaultConfigurationIsVisible = 0;
			defaultConfigurationName = Release;
		};
		F117D43D21F1DBCA00679D8E /* Build configuration list for PBXNativeTarget "Project-OC" */ = {
			isa = XCConfigurationList;
			buildConfigurations = (
				F117D43E21F1DBCA00679D8E /* Debug */,
				F117D43F21F1DBCA00679D8E /* Release */,
			);
			defaultConfigurationIsVisible = 0;
			defaultConfigurationName = Release;
		};
/* End XCConfigurationList section */
	};
	rootObject = F117D41F21F1DBC900679D8E /* Project object */;
}
